
Microsoft Visual Studio Solution File, Format Version 12.00
# Visual Studio 14
VisualStudioVersion = 14.0.24720.0
MinimumVisualStudioVersion = 10.0.40219.1
Project("{FAE04EC0-301F-11D3-BF4B-00C04F79EFBC}") = "GeoLib", "GeoLib 4.0\GeoLib.csproj", "{263192A1-5B8D-4F2B-96AD-0FBA86C9F4F5}"
EndProject
Project("{FAE04EC0-301F-11D3-BF4B-00C04F79EFBC}") = "GeoPolygons", "GeoPolygons 4.0\GeoPolygons.csproj", "{A13AA7E0-06C4-4401-9006-C7EB506B3479}"
EndProject
Project("{FAE04EC0-301F-11D3-BF4B-00C04F79EFBC}") = "SpatialMapsCompareTests", "SpatialMapsCompareTests\SpatialMapsCompareTests.csproj", "{8C7DA6FE-1333-43E7-8B54-A7F936A3E82B}"
EndProject
Project("{FAE04EC0-301F-11D3-BF4B-00C04F79EFBC}") = "SpatialMaps", "SpatialMapsApi\SpatialMaps.csproj", "{68153858-5E7C-4167-A97D-9586F64A34FF}"
EndProject
Project("{FAE04EC0-301F-11D3-BF4B-00C04F79EFBC}") = "SpatialMapsWpfUi", "SpatialMapsWpfUi\SpatialMapsWpfUi.csproj", "{C86EA733-BE65-4798-A97D-5373E7DC4AA1}"
EndProject
Project("{FAE04EC0-301F-11D3-BF4B-00C04F79EFBC}") = "SpatialMapsWinForms", "SpatialMapsCompare\SpatialMapsWinForms.csproj", "{A042C959-FC03-41A4-B176-7C2975F61838}"
EndProject
Project("{FAE04EC0-301F-11D3-BF4B-00C04F79EFBC}") = "DrawingCanvas", "DrawingCanvas\DrawingCanvas.csproj", "{FED27B00-E624-4B81-BEE6-0A7484A5DDE4}"
EndProject
Project("{930C7802-8A8C-48F9-8165-68863BCCD9DD}") = "Setup", "Setup\Setup.wixproj", "{3051862D-D45B-40B1-ADEA-4AE92794AB99}"
EndProject
Project("{FAE04EC0-301F-11D3-BF4B-00C04F79EFBC}") = "IOService", "IOService\IOService.csproj", "{B9DBCC45-0821-431C-939C-CCA3573971B8}"
EndProject
Global
	GlobalSection(SolutionConfigurationPlatforms) = preSolution
		Debug|Any CPU = Debug|Any CPU
		Debug|x86 = Debug|x86
		Evaluation|Any CPU = Evaluation|Any CPU
		Evaluation|x86 = Evaluation|x86
		Release|Any CPU = Release|Any CPU
		Release|x86 = Release|x86
	EndGlobalSection
	GlobalSection(ProjectConfigurationPlatforms) = postSolution
		{263192A1-5B8D-4F2B-96AD-0FBA86C9F4F5}.Debug|Any CPU.ActiveCfg = Debug|Any CPU
		{263192A1-5B8D-4F2B-96AD-0FBA86C9F4F5}.Debug|Any CPU.Build.0 = Debug|Any CPU
		{263192A1-5B8D-4F2B-96AD-0FBA86C9F4F5}.Debug|x86.ActiveCfg = Debug|Any CPU
		{263192A1-5B8D-4F2B-96AD-0FBA86C9F4F5}.Debug|x86.Build.0 = Debug|Any CPU
		{263192A1-5B8D-4F2B-96AD-0FBA86C9F4F5}.Evaluation|Any CPU.ActiveCfg = Evaluation|Any CPU
		{263192A1-5B8D-4F2B-96AD-0FBA86C9F4F5}.Evaluation|Any CPU.Build.0 = Evaluation|Any CPU
		{263192A1-5B8D-4F2B-96AD-0FBA86C9F4F5}.Evaluation|x86.ActiveCfg = Evaluation|Any CPU
		{263192A1-5B8D-4F2B-96AD-0FBA86C9F4F5}.Evaluation|x86.Build.0 = Evaluation|Any CPU
		{263192A1-5B8D-4F2B-96AD-0FBA86C9F4F5}.Release|Any CPU.ActiveCfg = Release|Any CPU
		{263192A1-5B8D-4F2B-96AD-0FBA86C9F4F5}.Release|Any CPU.Build.0 = Release|Any CPU
		{263192A1-5B8D-4F2B-96AD-0FBA86C9F4F5}.Release|x86.ActiveCfg = Release|Any CPU
		{263192A1-5B8D-4F2B-96AD-0FBA86C9F4F5}.Release|x86.Build.0 = Release|Any CPU
		{A13AA7E0-06C4-4401-9006-C7EB506B3479}.Debug|Any CPU.ActiveCfg = Debug|Any CPU
		{A13AA7E0-06C4-4401-9006-C7EB506B3479}.Debug|Any CPU.Build.0 = Debug|Any CPU
		{A13AA7E0-06C4-4401-9006-C7EB506B3479}.Debug|x86.ActiveCfg = Debug|Any CPU
		{A13AA7E0-06C4-4401-9006-C7EB506B3479}.Debug|x86.Build.0 = Debug|Any CPU
		{A13AA7E0-06C4-4401-9006-C7EB506B3479}.Evaluation|Any CPU.ActiveCfg = Release|Any CPU
		{A13AA7E0-06C4-4401-9006-C7EB506B3479}.Evaluation|Any CPU.Build.0 = Release|Any CPU
		{A13AA7E0-06C4-4401-9006-C7EB506B3479}.Evaluation|x86.ActiveCfg = Release|Any CPU
		{A13AA7E0-06C4-4401-9006-C7EB506B3479}.Evaluation|x86.Build.0 = Release|Any CPU
		{A13AA7E0-06C4-4401-9006-C7EB506B3479}.Release|Any CPU.ActiveCfg = Release|Any CPU
		{A13AA7E0-06C4-4401-9006-C7EB506B3479}.Release|Any CPU.Build.0 = Release|Any CPU
		{A13AA7E0-06C4-4401-9006-C7EB506B3479}.Release|x86.ActiveCfg = Release|Any CPU
		{A13AA7E0-06C4-4401-9006-C7EB506B3479}.Release|x86.Build.0 = Release|Any CPU
		{8C7DA6FE-1333-43E7-8B54-A7F936A3E82B}.Debug|Any CPU.ActiveCfg = Debug|Any CPU
		{8C7DA6FE-1333-43E7-8B54-A7F936A3E82B}.Debug|Any CPU.Build.0 = Debug|Any CPU
		{8C7DA6FE-1333-43E7-8B54-A7F936A3E82B}.Debug|x86.ActiveCfg = Debug|Any CPU
		{8C7DA6FE-1333-43E7-8B54-A7F936A3E82B}.Debug|x86.Build.0 = Debug|Any CPU
		{8C7DA6FE-1333-43E7-8B54-A7F936A3E82B}.Evaluation|Any CPU.ActiveCfg = Release|Any CPU
		{8C7DA6FE-1333-43E7-8B54-A7F936A3E82B}.Evaluation|Any CPU.Build.0 = Release|Any CPU
		{8C7DA6FE-1333-43E7-8B54-A7F936A3E82B}.Evaluation|x86.ActiveCfg = Release|Any CPU
		{8C7DA6FE-1333-43E7-8B54-A7F936A3E82B}.Evaluation|x86.Build.0 = Release|Any CPU
		{8C7DA6FE-1333-43E7-8B54-A7F936A3E82B}.Release|Any CPU.ActiveCfg = Release|Any CPU
		{8C7DA6FE-1333-43E7-8B54-A7F936A3E82B}.Release|Any CPU.Build.0 = Release|Any CPU
		{8C7DA6FE-1333-43E7-8B54-A7F936A3E82B}.Release|x86.ActiveCfg = Release|Any CPU
		{8C7DA6FE-1333-43E7-8B54-A7F936A3E82B}.Release|x86.Build.0 = Release|Any CPU
		{68153858-5E7C-4167-A97D-9586F64A34FF}.Debug|Any CPU.ActiveCfg = Debug|Any CPU
		{68153858-5E7C-4167-A97D-9586F64A34FF}.Debug|Any CPU.Build.0 = Debug|Any CPU
		{68153858-5E7C-4167-A97D-9586F64A34FF}.Debug|x86.ActiveCfg = Debug|Any CPU
		{68153858-5E7C-4167-A97D-9586F64A34FF}.Debug|x86.Build.0 = Debug|Any CPU
		{68153858-5E7C-4167-A97D-9586F64A34FF}.Evaluation|Any CPU.ActiveCfg = Release|Any CPU
		{68153858-5E7C-4167-A97D-9586F64A34FF}.Evaluation|Any CPU.Build.0 = Release|Any CPU
		{68153858-5E7C-4167-A97D-9586F64A34FF}.Evaluation|x86.ActiveCfg = Release|Any CPU
		{68153858-5E7C-4167-A97D-9586F64A34FF}.Evaluation|x86.Build.0 = Release|Any CPU
		{68153858-5E7C-4167-A97D-9586F64A34FF}.Release|Any CPU.ActiveCfg = Release|Any CPU
		{68153858-5E7C-4167-A97D-9586F64A34FF}.Release|Any CPU.Build.0 = Release|Any CPU
		{68153858-5E7C-4167-A97D-9586F64A34FF}.Release|x86.ActiveCfg = Release|Any CPU
		{68153858-5E7C-4167-A97D-9586F64A34FF}.Release|x86.Build.0 = Release|Any CPU
		{C86EA733-BE65-4798-A97D-5373E7DC4AA1}.Debug|Any CPU.ActiveCfg = Debug|Any CPU
		{C86EA733-BE65-4798-A97D-5373E7DC4AA1}.Debug|Any CPU.Build.0 = Debug|Any CPU
		{C86EA733-BE65-4798-A97D-5373E7DC4AA1}.Debug|x86.ActiveCfg = Debug|Any CPU
		{C86EA733-BE65-4798-A97D-5373E7DC4AA1}.Debug|x86.Build.0 = Debug|Any CPU
		{C86EA733-BE65-4798-A97D-5373E7DC4AA1}.Evaluation|Any CPU.ActiveCfg = Release|Any CPU
		{C86EA733-BE65-4798-A97D-5373E7DC4AA1}.Evaluation|Any CPU.Build.0 = Release|Any CPU
		{C86EA733-BE65-4798-A97D-5373E7DC4AA1}.Evaluation|x86.ActiveCfg = Release|Any CPU
		{C86EA733-BE65-4798-A97D-5373E7DC4AA1}.Evaluation|x86.Build.0 = Release|Any CPU
		{C86EA733-BE65-4798-A97D-5373E7DC4AA1}.Release|Any CPU.ActiveCfg = Release|Any CPU
		{C86EA733-BE65-4798-A97D-5373E7DC4AA1}.Release|Any CPU.Build.0 = Release|Any CPU
		{C86EA733-BE65-4798-A97D-5373E7DC4AA1}.Release|x86.ActiveCfg = Release|Any CPU
		{C86EA733-BE65-4798-A97D-5373E7DC4AA1}.Release|x86.Build.0 = Release|Any CPU
		{A042C959-FC03-41A4-B176-7C2975F61838}.Debug|Any CPU.ActiveCfg = Debug|Any CPU
		{A042C959-FC03-41A4-B176-7C2975F61838}.Debug|Any CPU.Build.0 = Debug|Any CPU
		{A042C959-FC03-41A4-B176-7C2975F61838}.Debug|x86.ActiveCfg = Debug|Any CPU
		{A042C959-FC03-41A4-B176-7C2975F61838}.Debug|x86.Build.0 = Debug|Any CPU
		{A042C959-FC03-41A4-B176-7C2975F61838}.Evaluation|Any CPU.ActiveCfg = Release|Any CPU
		{A042C959-FC03-41A4-B176-7C2975F61838}.Evaluation|Any CPU.Build.0 = Release|Any CPU
		{A042C959-FC03-41A4-B176-7C2975F61838}.Evaluation|x86.ActiveCfg = Release|Any CPU
		{A042C959-FC03-41A4-B176-7C2975F61838}.Evaluation|x86.Build.0 = Release|Any CPU
		{A042C959-FC03-41A4-B176-7C2975F61838}.Release|Any CPU.ActiveCfg = Release|Any CPU
		{A042C959-FC03-41A4-B176-7C2975F61838}.Release|Any CPU.Build.0 = Release|Any CPU
		{A042C959-FC03-41A4-B176-7C2975F61838}.Release|x86.ActiveCfg = Release|Any CPU
		{A042C959-FC03-41A4-B176-7C2975F61838}.Release|x86.Build.0 = Release|Any CPU
		{FED27B00-E624-4B81-BEE6-0A7484A5DDE4}.Debug|Any CPU.ActiveCfg = Debug|Any CPU
		{FED27B00-E624-4B81-BEE6-0A7484A5DDE4}.Debug|Any CPU.Build.0 = Debug|Any CPU
		{FED27B00-E624-4B81-BEE6-0A7484A5DDE4}.Debug|x86.ActiveCfg = Debug|Any CPU
		{FED27B00-E624-4B81-BEE6-0A7484A5DDE4}.Debug|x86.Build.0 = Debug|Any CPU
		{FED27B00-E624-4B81-BEE6-0A7484A5DDE4}.Evaluation|Any CPU.ActiveCfg = Release|Any CPU
		{FED27B00-E624-4B81-BEE6-0A7484A5DDE4}.Evaluation|Any CPU.Build.0 = Release|Any CPU
		{FED27B00-E624-4B81-BEE6-0A7484A5DDE4}.Evaluation|x86.ActiveCfg = Release|Any CPU
		{FED27B00-E624-4B81-BEE6-0A7484A5DDE4}.Evaluation|x86.Build.0 = Release|Any CPU
		{FED27B00-E624-4B81-BEE6-0A7484A5DDE4}.Release|Any CPU.ActiveCfg = Release|Any CPU
		{FED27B00-E624-4B81-BEE6-0A7484A5DDE4}.Release|Any CPU.Build.0 = Release|Any CPU
		{FED27B00-E624-4B81-BEE6-0A7484A5DDE4}.Release|x86.ActiveCfg = Release|Any CPU
		{FED27B00-E624-4B81-BEE6-0A7484A5DDE4}.Release|x86.Build.0 = Release|Any CPU
		{3051862D-D45B-40B1-ADEA-4AE92794AB99}.Debug|Any CPU.ActiveCfg = Debug|x86
		{3051862D-D45B-40B1-ADEA-4AE92794AB99}.Debug|x86.ActiveCfg = Debug|x86
		{3051862D-D45B-40B1-ADEA-4AE92794AB99}.Debug|x86.Build.0 = Debug|x86
		{3051862D-D45B-40B1-ADEA-4AE92794AB99}.Evaluation|Any CPU.ActiveCfg = Release|x86
		{3051862D-D45B-40B1-ADEA-4AE92794AB99}.Evaluation|Any CPU.Build.0 = Release|x86
		{3051862D-D45B-40B1-ADEA-4AE92794AB99}.Evaluation|x86.ActiveCfg = Release|x86
		{3051862D-D45B-40B1-ADEA-4AE92794AB99}.Evaluation|x86.Build.0 = Release|x86
		{3051862D-D45B-40B1-ADEA-4AE92794AB99}.Release|Any CPU.ActiveCfg = Release|x86
		{3051862D-D45B-40B1-ADEA-4AE92794AB99}.Release|x86.ActiveCfg = Release|x86
		{3051862D-D45B-40B1-ADEA-4AE92794AB99}.Release|x86.Build.0 = Release|x86
		{B9DBCC45-0821-431C-939C-CCA3573971B8}.Debug|Any CPU.ActiveCfg = Debug|Any CPU
		{B9DBCC45-0821-431C-939C-CCA3573971B8}.Debug|Any CPU.Build.0 = Debug|Any CPU
		{B9DBCC45-0821-431C-939C-CCA3573971B8}.Debug|x86.ActiveCfg = Debug|Any CPU
		{B9DBCC45-0821-431C-939C-CCA3573971B8}.Debug|x86.Build.0 = Debug|Any CPU
		{B9DBCC45-0821-431C-939C-CCA3573971B8}.Evaluation|Any CPU.ActiveCfg = Release|Any CPU
		{B9DBCC45-0821-431C-939C-CCA3573971B8}.Evaluation|Any CPU.Build.0 = Release|Any CPU
		{B9DBCC45-0821-431C-939C-CCA3573971B8}.Evaluation|x86.ActiveCfg = Release|Any CPU
		{B9DBCC45-0821-431C-939C-CCA3573971B8}.Evaluation|x86.Build.0 = Release|Any CPU
		{B9DBCC45-0821-431C-939C-CCA3573971B8}.Release|Any CPU.ActiveCfg = Release|Any CPU
		{B9DBCC45-0821-431C-939C-CCA3573971B8}.Release|Any CPU.Build.0 = Release|Any CPU
		{B9DBCC45-0821-431C-939C-CCA3573971B8}.Release|x86.ActiveCfg = Release|Any CPU
		{B9DBCC45-0821-431C-939C-CCA3573971B8}.Release|x86.Build.0 = Release|Any CPU
	EndGlobalSection
	GlobalSection(SolutionProperties) = preSolution
		HideSolutionNode = FALSE
	EndGlobalSection
EndGlobal
